
Microsoft Visual Studio Solution File, Format Version 12.00
# Visual Studio 2012
Project("{FAE04EC0-301F-11D3-BF4B-00C04F79EFBC}") = "khietworks", "khietworks\khietworks.csproj", "{43A96EF2-B4E2-4493-A28A-053D5AA5F96B}"
EndProject
Global
	GlobalSection(SolutionConfigurationPlatforms) = preSolution
		Debug|Any CPU = Debug|Any CPU
		Release|Any CPU = Release|Any CPU
	EndGlobalSection
	GlobalSection(ProjectConfigurationPlatforms) = postSolution
		{43A96EF2-B4E2-4493-A28A-053D5AA5F96B}.Debug|Any CPU.ActiveCfg = Debug|Any CPU
		{43A96EF2-B4E2-4493-A28A-053D5AA5F96B}.Debug|Any CPU.Build.0 = Debug|Any CPU
		{43A96EF2-B4E2-4493-A28A-053D5AA5F96B}.Release|Any CPU.ActiveCfg = Release|Any CPU
		{43A96EF2-B4E2-4493-A28A-053D5AA5F96B}.Release|Any CPU.Build.0 = Release|Any CPU
	EndGlobalSection
EndGlobal
